{
  "requires": true,
  "lockfileVersion": 1,
  "dependencies": {
    "@patternfly/patternfly": {
      "version": "2.43.2",
      "resolved": "https://registry.npmjs.org/@patternfly/patternfly/-/patternfly-2.43.2.tgz",
      "integrity": "sha512-DGTUMIk8XvnciIo+2wyBdJGkDyIBvx1AqgDU7DLZfm9TOB+w0xdY64sgXIgG+673tgmpzDuA7yuCggpTyIy6/g=="
    }
  }
}
